
Microsoft Visual Studio Solution File, Format Version 12.00
# Visual Studio Version 17
VisualStudioVersion = 17.11.35222.181
MinimumVisualStudioVersion = 10.0.40219.1
Project("{FAE04EC0-301F-11D3-BF4B-00C04F79EFBC}") = "HomeWork", "HomeWork\HomeWork.csproj", "{D8B52B7E-4BA8-47D6-A35B-75A3B8844527}"
EndProject
Global
	GlobalSection(SolutionConfigurationPlatforms) = preSolution
		Debug|Any CPU = Debug|Any CPU
		Release|Any CPU = Release|Any CPU
	EndGlobalSection
	GlobalSection(ProjectConfigurationPlatforms) = postSolution
		{D8B52B7E-4BA8-47D6-A35B-75A3B8844527}.Debug|Any CPU.ActiveCfg = Debug|Any CPU
		{D8B52B7E-4BA8-47D6-A35B-75A3B8844527}.Debug|Any CPU.Build.0 = Debug|Any CPU
		{D8B52B7E-4BA8-47D6-A35B-75A3B8844527}.Release|Any CPU.ActiveCfg = Release|Any CPU
		{D8B52B7E-4BA8-47D6-A35B-75A3B8844527}.Release|Any CPU.Build.0 = Release|Any CPU
	EndGlobalSection
	GlobalSection(SolutionProperties) = preSolution
		HideSolutionNode = FALSE
	EndGlobalSection
	GlobalSection(ExtensibilityGlobals) = postSolution
		SolutionGuid = {7755F3CA-CC19-4346-A770-D1781D37C3D0}
	EndGlobalSection
EndGlobal
