
Microsoft Visual Studio Solution File, Format Version 12.00
# Visual Studio Version 17
VisualStudioVersion = 17.11.35222.181
MinimumVisualStudioVersion = 10.0.40219.1
Project("{9A19103F-16F7-4668-BE54-9A1E7A4F7556}") = "HomeWork_1", "HomeWork_1\HomeWork_1.csproj", "{DF9ECC5B-63FB-4116-AE89-0C58EC8220CB}"
EndProject
Project("{9A19103F-16F7-4668-BE54-9A1E7A4F7556}") = "HM2_Money", "HM2_Money\HM2_Money.csproj", "{66CA7CF5-817A-41F9-9AD3-9A9CEA1F1DBA}"
EndProject
Project("{FAE04EC0-301F-11D3-BF4B-00C04F79EFBC}") = "HM_3", "HM_3\HM_3.csproj", "{F91B6422-2D75-441D-B2E3-AB08FE30A37A}"
EndProject
Global
	GlobalSection(SolutionConfigurationPlatforms) = preSolution
		Debug|Any CPU = Debug|Any CPU
		Release|Any CPU = Release|Any CPU
	EndGlobalSection
	GlobalSection(ProjectConfigurationPlatforms) = postSolution
		{DF9ECC5B-63FB-4116-AE89-0C58EC8220CB}.Debug|Any CPU.ActiveCfg = Debug|Any CPU
		{DF9ECC5B-63FB-4116-AE89-0C58EC8220CB}.Debug|Any CPU.Build.0 = Debug|Any CPU
		{DF9ECC5B-63FB-4116-AE89-0C58EC8220CB}.Release|Any CPU.ActiveCfg = Release|Any CPU
		{DF9ECC5B-63FB-4116-AE89-0C58EC8220CB}.Release|Any CPU.Build.0 = Release|Any CPU
		{66CA7CF5-817A-41F9-9AD3-9A9CEA1F1DBA}.Debug|Any CPU.ActiveCfg = Debug|Any CPU
		{66CA7CF5-817A-41F9-9AD3-9A9CEA1F1DBA}.Debug|Any CPU.Build.0 = Debug|Any CPU
		{66CA7CF5-817A-41F9-9AD3-9A9CEA1F1DBA}.Release|Any CPU.ActiveCfg = Release|Any CPU
		{66CA7CF5-817A-41F9-9AD3-9A9CEA1F1DBA}.Release|Any CPU.Build.0 = Release|Any CPU
		{F91B6422-2D75-441D-B2E3-AB08FE30A37A}.Debug|Any CPU.ActiveCfg = Debug|Any CPU
		{F91B6422-2D75-441D-B2E3-AB08FE30A37A}.Debug|Any CPU.Build.0 = Debug|Any CPU
		{F91B6422-2D75-441D-B2E3-AB08FE30A37A}.Release|Any CPU.ActiveCfg = Release|Any CPU
		{F91B6422-2D75-441D-B2E3-AB08FE30A37A}.Release|Any CPU.Build.0 = Release|Any CPU
	EndGlobalSection
	GlobalSection(SolutionProperties) = preSolution
		HideSolutionNode = FALSE
	EndGlobalSection
	GlobalSection(ExtensibilityGlobals) = postSolution
		SolutionGuid = {7755F3CA-CC19-4346-A770-D1781D37C3D0}
	EndGlobalSection
EndGlobal
